
Microsoft Visual Studio Solution File, Format Version 12.00
# Visual Studio 14
VisualStudioVersion = 14.0.25123.0
MinimumVisualStudioVersion = 10.0.40219.1
Project("{FAE04EC0-301F-11D3-BF4B-00C04F79EFBC}") = "MathMagician", "MathMagician\MathMagician.csproj", "{9AF4A874-27D3-4715-9C97-CBD718EADCAC}"
EndProject
Project("{FAE04EC0-301F-11D3-BF4B-00C04F79EFBC}") = "MathMagicianTest", "MathMagicianTest\MathMagicianTest.csproj", "{A1BAD23D-A177-4A38-8FC0-AA6251162B00}"
EndProject
Global
	GlobalSection(SolutionConfigurationPlatforms) = preSolution
		Debug|Any CPU = Debug|Any CPU
		Release|Any CPU = Release|Any CPU
	EndGlobalSection
	GlobalSection(ProjectConfigurationPlatforms) = postSolution
		{9AF4A874-27D3-4715-9C97-CBD718EADCAC}.Debug|Any CPU.ActiveCfg = Debug|Any CPU
		{9AF4A874-27D3-4715-9C97-CBD718EADCAC}.Debug|Any CPU.Build.0 = Debug|Any CPU
		{9AF4A874-27D3-4715-9C97-CBD718EADCAC}.Release|Any CPU.ActiveCfg = Release|Any CPU
		{9AF4A874-27D3-4715-9C97-CBD718EADCAC}.Release|Any CPU.Build.0 = Release|Any CPU
		{A1BAD23D-A177-4A38-8FC0-AA6251162B00}.Debug|Any CPU.ActiveCfg = Debug|Any CPU
		{A1BAD23D-A177-4A38-8FC0-AA6251162B00}.Debug|Any CPU.Build.0 = Debug|Any CPU
		{A1BAD23D-A177-4A38-8FC0-AA6251162B00}.Release|Any CPU.ActiveCfg = Release|Any CPU
		{A1BAD23D-A177-4A38-8FC0-AA6251162B00}.Release|Any CPU.Build.0 = Release|Any CPU
	EndGlobalSection
	GlobalSection(SolutionProperties) = preSolution
		HideSolutionNode = FALSE
	EndGlobalSection
EndGlobal
